{
    "version": 3,
    "terraform_version": "0.11.11",
    "serial": 2,
    "lineage": "d16e884a-944d-13b3-a27c-e4a6c5d01c65",
    "modules": [
        {
            "path": [
                "root"
            ],
            "outputs": {},
            "resources": {
                "google_container_cluster.gke-cluster": {
                    "type": "google_container_cluster",
                    "depends_on": [],
                    "primary": {
                        "id": "helpschool-gke-cluster",
                        "attributes": {
                            "additional_zones.#": "3",
                            "additional_zones.1988413740": "us-east1-d",
                            "additional_zones.551448234": "us-east1-b",
                            "additional_zones.969236459": "us-east1-c",
                            "addons_config.#": "1",
                            "addons_config.0.horizontal_pod_autoscaling.#": "0",
                            "addons_config.0.http_load_balancing.#": "0",
                            "addons_config.0.kubernetes_dashboard.#": "1",
                            "addons_config.0.kubernetes_dashboard.0.disabled": "true",
                            "addons_config.0.network_policy_config.#": "1",
                            "addons_config.0.network_policy_config.0.disabled": "true",
                            "cluster_autoscaling.#": "0",
                            "cluster_ipv4_cidr": "10.32.0.0/14",
                            "description": "",
                            "enable_kubernetes_alpha": "false",
                            "enable_legacy_abac": "false",
                            "endpoint": "35.231.22.148",
                            "id": "helpschool-gke-cluster",
                            "initial_node_count": "1",
                            "instance_group_urls.#": "3",
                            "instance_group_urls.0": "https://www.googleapis.com/compute/v1/projects/helpschool/zones/us-east1-d/instanceGroups/gke-helpschool-gke-clust-default-pool-898604ab-grp",
                            "instance_group_urls.1": "https://www.googleapis.com/compute/v1/projects/helpschool/zones/us-east1-b/instanceGroups/gke-helpschool-gke-clust-default-pool-75087954-grp",
                            "instance_group_urls.2": "https://www.googleapis.com/compute/v1/projects/helpschool/zones/us-east1-c/instanceGroups/gke-helpschool-gke-clust-default-pool-37b535a1-grp",
                            "ip_allocation_policy.#": "0",
                            "location": "us-east1",
                            "logging_service": "logging.googleapis.com",
                            "maintenance_policy.#": "0",
                            "master_auth.#": "1",
                            "master_auth.0.client_certificate": "",
                            "master_auth.0.client_certificate_config.#": "1",
                            "master_auth.0.client_certificate_config.0.issue_client_certificate": "false",
                            "master_auth.0.client_key": "",
                            "master_auth.0.cluster_ca_certificate": "LS0tLS1CRUdJTiBDRVJUSUZJQ0FURS0tLS0tCk1JSURDekNDQWZPZ0F3SUJBZ0lRYkdaRnJaby9ueFZXTjJiQ2xzS3FjekFOQmdrcWhraUc5dzBCQVFzRkFEQXYKTVMwd0t3WURWUVFERXlRd1lXVTBOVEkyWWkwMVltTTVMVFJrT0dNdFltSmlOeTFrWTJObFlqWmpNVFJpT0RjdwpIaGNOTVRrd09UQTRNVGd6TmpFNVdoY05NalF3T1RBMk1Ua3pOakU1V2pBdk1TMHdLd1lEVlFRREV5UXdZV1UwCk5USTJZaTAxWW1NNUxUUmtPR010WW1KaU55MWtZMk5sWWpaak1UUmlPRGN3Z2dFaU1BMEdDU3FHU0liM0RRRUIKQVFVQUE0SUJEd0F3Z2dFS0FvSUJBUUNsOW93S0QrSXU4aVhkYjZPd2NWTTlySXdMalFkZy92NjBqN0lEV2R5dQpkVlJvMEhGaXNIZEp4d1doWkk1cFJyellCSU0zRWpKODFiYjQ2NjJ3YTgrejExYzh2eFJiQkVEZTJDd2xhN0tqCi9RaTN1dThiazhnS0E4Q1l3T3ZzZDErOWpWamwyNmYzVjFjQnkyVWJvZEhNdW5kSTQrTEhZU0w1TE5vdUx4LzIKR0VLSjhKL3g0c1hzOThsSTBBVStzblZqUlZFVVBha0svNk05amE5OE1WTzVwQXNxTEFHRnhCOG5uQUJ5blVscQpzRWVkT3F2NFBTYzQ5dSswb3JNMm1hSEVwcit6L1Zxa1gzRHBuVTlLSys3bTBjdFUrMVRSd0dISnBoZVVuaS93CkIxbDJFTnZoOVVzQ2pZMkg5V2VtRmVyQU5PaldvRXVBQm80K0Y4b29ZdEp2QWdNQkFBR2pJekFoTUE0R0ExVWQKRHdFQi93UUVBd0lDQkRBUEJnTlZIUk1CQWY4RUJUQURBUUgvTUEwR0NTcUdTSWIzRFFFQkN3VUFBNElCQVFCQQpPanY2Yng0SWg1cEd2U1E2ZVFyZlZzWUdKazh0eFJXbjZzMVFCUVdiTzAyQlNySW54RFZzMGd6dGVuYzFFYXB0CjBSbTFIaWZyUFVTT1VhUjNtbThDNFp0Y0k3eDI3Z0Z5bENoYnJmZGhmQjVqR3VxR2pJNm5FZmtWYnhZVkdJeXUKelNaUTV1M2xWWDVoZDVwZWtpUGVrVXhpTE5jelpFQ3FyKy95WEJZNm9iOHluUVhEWkhrMzhZME1IVzhZWHBkMwppMXg0eis1djMwRGJ5UEVaWHFPQTRsWUxYcnpPMEI2VnNyRFZjK2lDL1JIeHBuSUhGTEtzWnpXcFJyYlhhRHZFCnhLRUdZM1QwTjViaEFsMy9pTFNXOXZqbWJDem9VREI4M2R1Ty82STNHWkdVK0FvTWtUajNIdFJPRnpTV29zakIKYkdNUkZLTE9lUnArLzJSd1R1UXUKLS0tLS1FTkQgQ0VSVElGSUNBVEUtLS0tLQo=",
                            "master_auth.0.password": "",
                            "master_auth.0.username": "",
                            "master_authorized_networks_config.#": "0",
                            "master_version": "1.13.7-gke.8",
                            "monitoring_service": "monitoring.googleapis.com",
                            "name": "helpschool-gke-cluster",
                            "network": "projects/helpschool/global/networks/default",
                            "network_policy.#": "1",
                            "network_policy.0.enabled": "false",
                            "network_policy.0.provider": "PROVIDER_UNSPECIFIED",
                            "node_config.#": "1",
                            "node_config.0.disk_size_gb": "100",
                            "node_config.0.disk_type": "pd-standard",
                            "node_config.0.guest_accelerator.#": "0",
                            "node_config.0.image_type": "COS",
                            "node_config.0.labels.%": "0",
                            "node_config.0.local_ssd_count": "0",
                            "node_config.0.machine_type": "n1-standard-1",
                            "node_config.0.metadata.%": "1",
                            "node_config.0.metadata.disable-legacy-endpoints": "true",
                            "node_config.0.min_cpu_platform": "",
                            "node_config.0.oauth_scopes.#": "6",
                            "node_config.0.oauth_scopes.1277378754": "https://www.googleapis.com/auth/monitoring",
                            "node_config.0.oauth_scopes.1632638332": "https://www.googleapis.com/auth/devstorage.read_only",
                            "node_config.0.oauth_scopes.172152165": "https://www.googleapis.com/auth/logging.write",
                            "node_config.0.oauth_scopes.316356861": "https://www.googleapis.com/auth/service.management.readonly",
                            "node_config.0.oauth_scopes.3663490875": "https://www.googleapis.com/auth/servicecontrol",
                            "node_config.0.oauth_scopes.3859019814": "https://www.googleapis.com/auth/trace.append",
                            "node_config.0.preemptible": "false",
                            "node_config.0.sandbox_config.#": "0",
                            "node_config.0.service_account": "default",
                            "node_config.0.tags.#": "0",
                            "node_config.0.taint.#": "0",
                            "node_config.0.workload_metadata_config.#": "0",
                            "node_locations.#": "3",
                            "node_locations.1988413740": "us-east1-d",
                            "node_locations.551448234": "us-east1-b",
                            "node_locations.969236459": "us-east1-c",
                            "node_pool.#": "1",
                            "node_pool.0.autoscaling.#": "0",
                            "node_pool.0.initial_node_count": "1",
                            "node_pool.0.instance_group_urls.#": "3",
                            "node_pool.0.instance_group_urls.0": "https://www.googleapis.com/compute/v1/projects/helpschool/zones/us-east1-d/instanceGroupManagers/gke-helpschool-gke-clust-default-pool-898604ab-grp",
                            "node_pool.0.instance_group_urls.1": "https://www.googleapis.com/compute/v1/projects/helpschool/zones/us-east1-b/instanceGroupManagers/gke-helpschool-gke-clust-default-pool-75087954-grp",
                            "node_pool.0.instance_group_urls.2": "https://www.googleapis.com/compute/v1/projects/helpschool/zones/us-east1-c/instanceGroupManagers/gke-helpschool-gke-clust-default-pool-37b535a1-grp",
                            "node_pool.0.management.#": "1",
                            "node_pool.0.management.0.auto_repair": "false",
                            "node_pool.0.management.0.auto_upgrade": "false",
                            "node_pool.0.max_pods_per_node": "0",
                            "node_pool.0.name": "default-pool",
                            "node_pool.0.name_prefix": "",
                            "node_pool.0.node_config.#": "1",
                            "node_pool.0.node_config.0.disk_size_gb": "100",
                            "node_pool.0.node_config.0.disk_type": "pd-standard",
                            "node_pool.0.node_config.0.guest_accelerator.#": "0",
                            "node_pool.0.node_config.0.image_type": "COS",
                            "node_pool.0.node_config.0.labels.%": "0",
                            "node_pool.0.node_config.0.local_ssd_count": "0",
                            "node_pool.0.node_config.0.machine_type": "n1-standard-1",
                            "node_pool.0.node_config.0.metadata.%": "1",
                            "node_pool.0.node_config.0.metadata.disable-legacy-endpoints": "true",
                            "node_pool.0.node_config.0.min_cpu_platform": "",
                            "node_pool.0.node_config.0.oauth_scopes.#": "6",
                            "node_pool.0.node_config.0.oauth_scopes.1277378754": "https://www.googleapis.com/auth/monitoring",
                            "node_pool.0.node_config.0.oauth_scopes.1632638332": "https://www.googleapis.com/auth/devstorage.read_only",
                            "node_pool.0.node_config.0.oauth_scopes.172152165": "https://www.googleapis.com/auth/logging.write",
                            "node_pool.0.node_config.0.oauth_scopes.316356861": "https://www.googleapis.com/auth/service.management.readonly",
                            "node_pool.0.node_config.0.oauth_scopes.3663490875": "https://www.googleapis.com/auth/servicecontrol",
                            "node_pool.0.node_config.0.oauth_scopes.3859019814": "https://www.googleapis.com/auth/trace.append",
                            "node_pool.0.node_config.0.preemptible": "false",
                            "node_pool.0.node_config.0.sandbox_config.#": "0",
                            "node_pool.0.node_config.0.service_account": "default",
                            "node_pool.0.node_config.0.tags.#": "0",
                            "node_pool.0.node_config.0.taint.#": "0",
                            "node_pool.0.node_config.0.workload_metadata_config.#": "0",
                            "node_pool.0.node_count": "1",
                            "node_pool.0.version": "1.13.7-gke.8",
                            "node_version": "1.13.7-gke.8",
                            "private_cluster_config.#": "0",
                            "project": "helpschool",
                            "region": "us-east1",
                            "resource_labels.%": "0",
                            "services_ipv4_cidr": "10.35.240.0/20",
                            "subnetwork": "projects/helpschool/regions/us-east1/subnetworks/default",
                            "zone": "us-east1"
                        },
                        "meta": {
                            "e2bfb730-ecaa-11e6-8f88-34363bc7c4c0": {
                                "create": 1800000000000,
                                "delete": 1800000000000,
                                "update": 3600000000000
                            },
                            "schema_version": "1"
                        },
                        "tainted": false
                    },
                    "deposed": [],
                    "provider": "provider.google"
                }
            },
            "depends_on": []
        }
    ]
}
